<?xml version="1.0" encoding="utf-8"?>
<Project ToolsVersion="4.0" xmlns="http://schemas.microsoft.com/developer/msbuild/2003">
  <ItemGroup>
    <Filter Include="Source Files">
      <UniqueIdentifier>{4FC737F1-C7A5-4376-A066-2A32D752A2FF}</UniqueIdentifier>
      <Extensions>cpp;c;cc;cxx;c++;cppm;ixx;def;odl;idl;hpj;bat;asm;asmx</Extensions>
    </Filter>
    <Filter Include="Header Files">
      <UniqueIdentifier>{93995380-89BD-4b04-88EB-625FBE52EBFB}</UniqueIdentifier>
      <Extensions>h;hh;hpp;hxx;h++;hm;inl;inc;ipp;xsd</Extensions>
    </Filter>
    <Filter Include="Resource Files">
      <UniqueIdentifier>{67DA6AB6-F800-4c08-8B7A-83BB121AAD01}</UniqueIdentifier>
      <Extensions>rc;ico;cur;bmp;dlg;rc2;rct;bin;rgs;gif;jpg;jpeg;jpe;resx;tiff;tif;png;wav;mfcribbon-ms</Extensions>
    </Filter>
    <Filter Include="Header Files\gfx">
      <UniqueIdentifier>{5b99b75e-7b94-443c-b964-d6da895afc99}</UniqueIdentifier>
    </Filter>
    <Filter Include="Header Files\input">
      <UniqueIdentifier>{3e86f1ea-5d95-4c07-80d1-99adbf14d4e7}</UniqueIdentifier>
    </Filter>
    <Filter Include="Header Files\arch">
      <UniqueIdentifier>{025f787a-5351-4d8b-9b22-3ad061f39e10}</UniqueIdentifier>
    </Filter>
    <Filter Include="Header Files\arch\components">
      <UniqueIdentifier>{4409c556-8643-4a4b-bf92-dc301d9f0a82}</UniqueIdentifier>
    </Filter>
    <Filter Include="Header Files\arch\common">
      <UniqueIdentifier>{d7692e68-6b54-4ff1-bd85-bb554bf14068}</UniqueIdentifier>
    </Filter>
    <Filter Include="Header Files\arch\systems">
      <UniqueIdentifier>{5b30b1a2-2a7d-4a46-b6e7-1aca2147ef79}</UniqueIdentifier>
    </Filter>
    <Filter Include="Header Files\arch\resources">
      <UniqueIdentifier>{9d9de95d-ca19-4ba0-a01c-38c82bebf856}</UniqueIdentifier>
    </Filter>
    <Filter Include="Source Files\arch">
      <UniqueIdentifier>{a6b7a631-d467-4d55-883c-b5169ad78161}</UniqueIdentifier>
    </Filter>
    <Filter Include="Source Files\arch\components">
      <UniqueIdentifier>{ba401b34-9e5f-47d0-901c-a5bd560e221a}</UniqueIdentifier>
    </Filter>
    <Filter Include="Source Files\common">
      <UniqueIdentifier>{03506312-af2c-4b73-9cb8-f684c1473a78}</UniqueIdentifier>
    </Filter>
    <Filter Include="Source Files\common\gfx">
      <UniqueIdentifier>{2e9a2e0a-9c0c-4b2f-b99b-1e18122253b4}</UniqueIdentifier>
    </Filter>
    <Filter Include="Source Files\common\input">
      <UniqueIdentifier>{05d3a68e-bcef-4f5e-9ec3-e8fb94aaf5ed}</UniqueIdentifier>
    </Filter>
    <Filter Include="Source Files\arch\systerms">
      <UniqueIdentifier>{20fd3dda-0ba2-453a-bf07-8c9564fb9556}</UniqueIdentifier>
    </Filter>
    <Filter Include="Header Files\arch\ecs">
      <UniqueIdentifier>{86f9b3f7-09f8-4d2a-82d5-e5357fe0b57d}</UniqueIdentifier>
    </Filter>
    <Filter Include="Header Files\arch\datatypes">
      <UniqueIdentifier>{42b09a18-8dc8-4340-836e-20d5a7f1c102}</UniqueIdentifier>
    </Filter>
    <Filter Include="Source Files\arch\resources">
      <UniqueIdentifier>{9ac06af6-2309-4daa-9de3-9d561a2f16e7}</UniqueIdentifier>
    </Filter>
  </ItemGroup>
  <ItemGroup>
    <ClCompile Include="Source\main.cpp">
      <Filter>Source Files</Filter>
    </ClCompile>
    <ClCompile Include="Source\common\graphics\gfx_glfwCustomCallbackFunctions.cpp">
      <Filter>Source Files\common\gfx</Filter>
    </ClCompile>
    <ClCompile Include="Source\common\input\input_processInput.cpp">
      <Filter>Source Files\common\input</Filter>
    </ClCompile>
    <ClCompile Include="Source\arch\components\comp_meshrenderer.cpp">
      <Filter>Source Files\arch\components</Filter>
    </ClCompile>
    <ClCompile Include="Source\arch\components\comp_transform.cpp">
      <Filter>Source Files\arch\components</Filter>
    </ClCompile>
    <ClCompile Include="Source\arch\systems\sys_transform.cpp">
      <Filter>Source Files\arch\systerms</Filter>
    </ClCompile>
    <ClCompile Include="Source\arch\core.cpp">
      <Filter>Source Files\arch</Filter>
    </ClCompile>
    <ClCompile Include="Headers\arch\datatypes\type_sparseset.h">
      <Filter>Header Files\arch\datatypes</Filter>
    </ClCompile>
    <ClCompile Include="Source\arch\systems\sys_render.cpp">
      <Filter>Source Files\arch\systerms</Filter>
    </ClCompile>
    <ClCompile Include="Source\res\res_shader.cpp">
      <Filter>Source Files\arch\resources</Filter>
    </ClCompile>
    <ClCompile Include="Source\res\res_texture.cpp">
      <Filter>Source Files\arch\resources</Filter>
    </ClCompile>
    <ClCompile Include="Source\res\res_resourceManager.cpp">
      <Filter>Source Files</Filter>
    </ClCompile>
    <ClCompile Include="Source\arch\ecs\ecs_registry.cpp">
      <Filter>Source Files</Filter>
    </ClCompile>
    <ClCompile Include="Source\common\entityid.cpp">
      <Filter>Source Files</Filter>
    </ClCompile>
    <ClCompile Include="Source\res\res_mesh.cpp">
      <Filter>Source Files</Filter>
    </ClCompile>
    <ClCompile Include="Source\arch\components\comp_camera.cpp">
      <Filter>Source Files</Filter>
    </ClCompile>
    <ClCompile Include="Source\arch\core\core_coordinatesystem.cpp">
      <Filter>Source Files</Filter>
    </ClCompile>
    <ClCompile Include="Source\util\util_convenient_conversions.cpp">
      <Filter>Source Files</Filter>
    </ClCompile>
    <ClCompile Include="Source\res\res_material.cpp">
      <Filter>Source Files</Filter>
    </ClCompile>
    <ClCompile Include="Source\arch\core\core_viewport.cpp">
      <Filter>Source Files</Filter>
    </ClCompile>
    <ClCompile Include="Source\arch\core\core_viewportManager.cpp">
      <Filter>Source Files</Filter>
    </ClCompile>
  </ItemGroup>
  <ItemGroup>
    <ClInclude Include="Headers\pch.h">
      <Filter>Header Files</Filter>
    </ClInclude>
    <ClInclude Include="Headers\graphics\gfx_dependencies.h">
      <Filter>Header Files\gfx</Filter>
    </ClInclude>
    <ClInclude Include="Headers\graphics\gfx_glfwCustomCallbackFunctions.h">
      <Filter>Header Files\gfx</Filter>
    </ClInclude>
    <ClInclude Include="Headers\input\input_processInput.h">
      <Filter>Header Files\input</Filter>
    </ClInclude>
    <ClInclude Include="Headers\arch\arch_headers.h">
      <Filter>Header Files\arch</Filter>
    </ClInclude>
    <ClInclude Include="Headers\arch\resources\res_audiobank.h">
      <Filter>Header Files\arch\resources</Filter>
    </ClInclude>
    <ClInclude Include="Headers\arch\resources\res_mesh.h">
      <Filter>Header Files\arch\resources</Filter>
    </ClInclude>
    <ClInclude Include="Headers\arch\resources\res_prefab.h">
      <Filter>Header Files\arch\resources</Filter>
    </ClInclude>
    <ClInclude Include="Headers\arch\resources\res_scene.h">
      <Filter>Header Files\arch\resources</Filter>
    </ClInclude>
    <ClInclude Include="Headers\arch\common\singleton.h">
      <Filter>Header Files\arch\common</Filter>
    </ClInclude>
    <ClInclude Include="Headers\arch\common\component.h">
      <Filter>Header Files\arch\common</Filter>
    </ClInclude>
    <ClInclude Include="Headers\arch\common\system.h">
      <Filter>Header Files\arch\common</Filter>
    </ClInclude>
    <ClInclude Include="Headers\arch\systems\sys_transform.h">
      <Filter>Header Files\arch\systems</Filter>
    </ClInclude>
    <ClInclude Include="Headers\arch\components\comp_meshrenderer.h">
      <Filter>Header Files\arch\components</Filter>
    </ClInclude>
    <ClInclude Include="Headers\arch\components\comp_rigidbody.h">
      <Filter>Header Files\arch\components</Filter>
    </ClInclude>
    <ClInclude Include="Headers\arch\components\comp_transform.h">
      <Filter>Header Files\arch\components</Filter>
    </ClInclude>
    <ClInclude Include="Headers\arch\components\componentList.h">
      <Filter>Header Files\arch\components</Filter>
    </ClInclude>
    <ClInclude Include="Headers\arch\core.h">
      <Filter>Header Files\arch</Filter>
    </ClInclude>
    <ClInclude Include="Headers\arch\common\entity.h">
      <Filter>Header Files\arch\common</Filter>
    </ClInclude>
    <ClInclude Include="Headers\arch\ecs\ecs_registry.h">
      <Filter>Header Files\arch\ecs</Filter>
    </ClInclude>
    <ClInclude Include="Headers\arch\ecs\ecs_registryDEF.hpp">
      <Filter>Header Files\arch\ecs</Filter>
    </ClInclude>
    <ClInclude Include="Headers\arch\datatypes\type_sparsesetDEF.hpp">
      <Filter>Header Files\arch\datatypes</Filter>
    </ClInclude>
    <ClInclude Include="Headers\arch\systems\sys_render.h">
      <Filter>Header Files\arch\systems</Filter>
    </ClInclude>
    <ClInclude Include="Headers\arch\components\comp_headers.h">
      <Filter>Header Files</Filter>
    </ClInclude>
    <ClInclude Include="Headers\arch\components\comp_camera.h">
      <Filter>Header Files\arch\components</Filter>
    </ClInclude>
    <ClInclude Include="Headers\arch\components\comp_collider.h">
      <Filter>Header Files\arch\components</Filter>
    </ClInclude>
    <ClInclude Include="Headers\arch\resources\res_shader.h">
      <Filter>Header Files\arch\resources</Filter>
    </ClInclude>
    <ClInclude Include="Headers\arch\resources\res_texture.h">
      <Filter>Header Files\arch\resources</Filter>
    </ClInclude>
    <ClInclude Include="Headers\arch\systems\sys_headers.h">
      <Filter>Header Files</Filter>
    </ClInclude>
    <ClInclude Include="Headers\arch\resources\res_resource.h">
      <Filter>Header Files</Filter>
    </ClInclude>
    <ClInclude Include="Headers\arch\resources\res_resourceManager.h">
      <Filter>Header Files</Filter>
    </ClInclude>
    <ClInclude Include="Headers\util\util_math.h">
      <Filter>Header Files</Filter>
    </ClInclude>
    <ClInclude Include="Headers\util\util_serialisation.h">
      <Filter>Header Files</Filter>
    </ClInclude>
    <ClInclude Include="Headers\arch\common\entityid.h">
      <Filter>Header Files</Filter>
    </ClInclude>
    <ClInclude Include="Headers\arch\common\entityDEF.hpp">
      <Filter>Header Files</Filter>
    </ClInclude>
    <ClInclude Include="Headers\arch\ecs\ecs_fwdDecl_entityRegistry.h">
      <Filter>Header Files</Filter>
    </ClInclude>
    <ClInclude Include="Headers\arch\core\core_coordinatesystem.h">
      <Filter>Header Files</Filter>
    </ClInclude>
    <ClInclude Include="Headers\util\util_print.h">
      <Filter>Header Files</Filter>
    </ClInclude>
    <ClInclude Include="Headers\util\util_convenient_conversions.h">
      <Filter>Header Files</Filter>
    </ClInclude>
    <ClInclude Include="Headers\arch\components\comp_light.h">
      <Filter>Header Files</Filter>
    </ClInclude>
    <ClInclude Include="Headers\util\Header.h">
      <Filter>Header Files</Filter>
    </ClInclude>
    <ClInclude Include="Headers\arch\resources\res_material.h">
      <Filter>Header Files</Filter>
    </ClInclude>
    <ClInclude Include="Headers\arch\core\core_window.h">
      <Filter>Header Files</Filter>
    </ClInclude>
    <ClInclude Include="Headers\arch\core\core_viewport.h">
      <Filter>Header Files</Filter>
    </ClInclude>
    <ClInclude Include="Headers\arch\core\core_viewportManager.h">
      <Filter>Header Files</Filter>
    </ClInclude>
  </ItemGroup>
  <ItemGroup>
    <Image Include="Assets\Images\TestImage.png">
      <Filter>Resource Files</Filter>
    </Image>
    <Image Include="Assets\Images\container.jpg">
      <Filter>Resource Files</Filter>
    </Image>
    <Image Include="Assets\Images\awesomeface.png">
      <Filter>Resource Files</Filter>
    </Image>
  </ItemGroup>
  <ItemGroup>
    <None Include="Assets\Shaders\frag_flat.frag" />
    <None Include="Assets\Shaders\frag_phong.frag" />
    <None Include="Assets\Shaders\vtx_vertex.vert" />
    <None Include="Assets\Shaders\frag_texturedPhong.frag" />
    <None Include="Assets\Shaders\frag_templateFile.frag" />
    <None Include="Assets\Shaders\vtx_templateFile.vert" />
  </ItemGroup>
</Project>