<?xml version="1.0" encoding="utf-8"?>
<Project ToolsVersion="4.0" xmlns="http://schemas.microsoft.com/developer/msbuild/2003">
  <ItemGroup>
    <Filter Include="Source Files">
      <UniqueIdentifier>{4FC737F1-C7A5-4376-A066-2A32D752A2FF}</UniqueIdentifier>
      <Extensions>cpp;c;cc;cxx;c++;cppm;ixx;def;odl;idl;hpj;bat;asm;asmx</Extensions>
    </Filter>
    <Filter Include="Header Files">
      <UniqueIdentifier>{93995380-89BD-4b04-88EB-625FBE52EBFB}</UniqueIdentifier>
      <Extensions>h;hh;hpp;hxx;h++;hm;inl;inc;ipp;xsd</Extensions>
    </Filter>
    <Filter Include="Resource Files">
      <UniqueIdentifier>{67DA6AB6-F800-4c08-8B7A-83BB121AAD01}</UniqueIdentifier>
      <Extensions>rc;ico;cur;bmp;dlg;rc2;rct;bin;rgs;gif;jpg;jpeg;jpe;resx;tiff;tif;png;wav;mfcribbon-ms</Extensions>
    </Filter>
    <Filter Include="Header Files\gfx">
      <UniqueIdentifier>{5b99b75e-7b94-443c-b964-d6da895afc99}</UniqueIdentifier>
    </Filter>
    <Filter Include="Source Files\gfx">
      <UniqueIdentifier>{2e9a2e0a-9c0c-4b2f-b99b-1e18122253b4}</UniqueIdentifier>
    </Filter>
    <Filter Include="Source Files\input">
      <UniqueIdentifier>{05d3a68e-bcef-4f5e-9ec3-e8fb94aaf5ed}</UniqueIdentifier>
    </Filter>
    <Filter Include="Header Files\input">
      <UniqueIdentifier>{3e86f1ea-5d95-4c07-80d1-99adbf14d4e7}</UniqueIdentifier>
    </Filter>
  </ItemGroup>
  <ItemGroup>
    <ClCompile Include="Source\main.cpp">
      <Filter>Source Files</Filter>
    </ClCompile>
    <ClCompile Include="Source\common\graphics\gfx_glfwCustomCallbackFunctions.cpp">
      <Filter>Source Files\gfx</Filter>
    </ClCompile>
    <ClCompile Include="Source\common\input\input_processInput.cpp">
      <Filter>Source Files\input</Filter>
    </ClCompile>
    <ClCompile Include="Source\arch\components\comp_meshrenderer.cpp">
      <Filter>Source Files</Filter>
    </ClCompile>
  </ItemGroup>
  <ItemGroup>
    <ClInclude Include="Headers\pch.h">
      <Filter>Header Files</Filter>
    </ClInclude>
    <ClInclude Include="Headers\graphics\gfx_dependencies.h">
      <Filter>Header Files\gfx</Filter>
    </ClInclude>
    <ClInclude Include="Headers\graphics\gfx_glfwCustomCallbackFunctions.h">
      <Filter>Header Files\gfx</Filter>
    </ClInclude>
    <ClInclude Include="Headers\input\input_processInput.h">
      <Filter>Header Files\input</Filter>
    </ClInclude>
    <ClInclude Include="Headers\arch\core.h">
      <Filter>Header Files</Filter>
    </ClInclude>
    <ClInclude Include="Headers\arch\common\singleton.h">
      <Filter>Header Files</Filter>
    </ClInclude>
    <ClInclude Include="Headers\arch\common\system.h">
      <Filter>Header Files</Filter>
    </ClInclude>
    <ClInclude Include="Headers\arch\arch_headers.h">
      <Filter>Header Files</Filter>
    </ClInclude>
    <ClInclude Include="Headers\arch\common\entity.h">
      <Filter>Header Files</Filter>
    </ClInclude>
    <ClInclude Include="Headers\arch\common\component.h">
      <Filter>Header Files</Filter>
    </ClInclude>
    <ClInclude Include="Headers\arch\components\componentList.h">
      <Filter>Header Files</Filter>
    </ClInclude>
    <ClInclude Include="Headers\arch\components\comp_transform.h">
      <Filter>Header Files</Filter>
    </ClInclude>
    <ClInclude Include="Headers\arch\components\comp_rigidbody.h">
      <Filter>Header Files</Filter>
    </ClInclude>
    <ClInclude Include="Headers\arch\components\comp_meshrenderer.h">
      <Filter>Header Files</Filter>
    </ClInclude>
    <ClInclude Include="Headers\arch\resources\res_scene.h">
      <Filter>Header Files</Filter>
    </ClInclude>
    <ClInclude Include="Headers\arch\resources\res_prefab.h">
      <Filter>Header Files</Filter>
    </ClInclude>
    <ClInclude Include="Headers\arch\resources\res_mesh.h">
      <Filter>Header Files</Filter>
    </ClInclude>
    <ClInclude Include="Headers\arch\resources\res_audiobank.h">
      <Filter>Header Files</Filter>
    </ClInclude>
    <ClInclude Include="Headers\arch\common\resource.h">
      <Filter>Header Files</Filter>
    </ClInclude>
  </ItemGroup>
</Project>