<?xml version="1.0" encoding="utf-8"?>
<Project ToolsVersion="4.0" xmlns="http://schemas.microsoft.com/developer/msbuild/2003">
  <ItemGroup>
    <Filter Include="Source Files">
      <UniqueIdentifier>{4FC737F1-C7A5-4376-A066-2A32D752A2FF}</UniqueIdentifier>
      <Extensions>cpp;c;cc;cxx;c++;cppm;ixx;def;odl;idl;hpj;bat;asm;asmx</Extensions>
    </Filter>
    <Filter Include="Header Files">
      <UniqueIdentifier>{93995380-89BD-4b04-88EB-625FBE52EBFB}</UniqueIdentifier>
      <Extensions>h;hh;hpp;hxx;h++;hm;inl;inc;ipp;xsd</Extensions>
    </Filter>
    <Filter Include="Resource Files">
      <UniqueIdentifier>{67DA6AB6-F800-4c08-8B7A-83BB121AAD01}</UniqueIdentifier>
      <Extensions>rc;ico;cur;bmp;dlg;rc2;rct;bin;rgs;gif;jpg;jpeg;jpe;resx;tiff;tif;png;wav;mfcribbon-ms</Extensions>
    </Filter>
  </ItemGroup>
  <ItemGroup>
    <ClCompile Include="Source\res\res_resource.cpp">
      <Filter>Source Files</Filter>
    </ClCompile>
    <ClCompile Include="Source\arch\components\comp_camera.cpp">
      <Filter>Source Files</Filter>
    </ClCompile>
    <ClCompile Include="Source\arch\components\comp_light.cpp">
      <Filter>Source Files</Filter>
    </ClCompile>
    <ClCompile Include="Source\arch\components\comp_meshrenderer.cpp">
      <Filter>Source Files</Filter>
    </ClCompile>
    <ClCompile Include="Source\arch\components\comp_transform.cpp">
      <Filter>Source Files</Filter>
    </ClCompile>
    <ClCompile Include="Source\arch\core\core_clock.cpp">
      <Filter>Source Files</Filter>
    </ClCompile>
    <ClCompile Include="Source\arch\core\core_coordinatesystem.cpp">
      <Filter>Source Files</Filter>
    </ClCompile>
    <ClCompile Include="Source\arch\core\core_input.cpp">
      <Filter>Source Files</Filter>
    </ClCompile>
    <ClCompile Include="Source\arch\ecs\ecs_registry.cpp">
      <Filter>Source Files</Filter>
    </ClCompile>
    <ClCompile Include="Source\arch\systems\sys_render_modules\sys_render_uboManager.cpp">
      <Filter>Source Files</Filter>
    </ClCompile>
    <ClCompile Include="Source\arch\systems\sys_render_modules\sys_render_vaoManager.cpp">
      <Filter>Source Files</Filter>
    </ClCompile>
    <ClCompile Include="Source\arch\systems\sys_render_modules\sys_render_viewport.cpp">
      <Filter>Source Files</Filter>
    </ClCompile>
    <ClCompile Include="Source\arch\systems\sys_render_modules\sys_render_viewportManager.cpp">
      <Filter>Source Files</Filter>
    </ClCompile>
    <ClCompile Include="Source\arch\systems\sys_render.cpp">
      <Filter>Source Files</Filter>
    </ClCompile>
    <ClCompile Include="Source\arch\systems\sys_transform.cpp">
      <Filter>Source Files</Filter>
    </ClCompile>
    <ClCompile Include="Source\arch\core.cpp">
      <Filter>Source Files</Filter>
    </ClCompile>
    <ClCompile Include="Source\common\graphics\gfx_glfwCustomCallbackFunctions.cpp">
      <Filter>Source Files</Filter>
    </ClCompile>
    <ClCompile Include="Source\common\input\input_processInput.cpp">
      <Filter>Source Files</Filter>
    </ClCompile>
    <ClCompile Include="Source\common\entityid.cpp">
      <Filter>Source Files</Filter>
    </ClCompile>
    <ClCompile Include="Source\res\res_material_presets\res_material_lambert.cpp">
      <Filter>Source Files</Filter>
    </ClCompile>
    <ClCompile Include="Source\res\res_material_uniform\res_material_ubo.cpp">
      <Filter>Source Files</Filter>
    </ClCompile>
    <ClCompile Include="Source\res\res_mesh_presets\res_mesh_cube.cpp">
      <Filter>Source Files</Filter>
    </ClCompile>
    <ClCompile Include="Source\res\res_material.cpp">
      <Filter>Source Files</Filter>
    </ClCompile>
    <ClCompile Include="Source\res\res_mesh.cpp">
      <Filter>Source Files</Filter>
    </ClCompile>
    <ClCompile Include="Source\res\res_resourceManager.cpp">
      <Filter>Source Files</Filter>
    </ClCompile>
    <ClCompile Include="Source\res\res_shader.cpp">
      <Filter>Source Files</Filter>
    </ClCompile>
    <ClCompile Include="Source\res\res_texture\res_texture.cpp">
      <Filter>Source Files</Filter>
    </ClCompile>
    <ClCompile Include="Source\util\util_convenient_conversions.cpp">
      <Filter>Source Files</Filter>
    </ClCompile>
    <ClCompile Include="Source\util\util_graphics_debugging.cpp">
      <Filter>Source Files</Filter>
    </ClCompile>
    <ClCompile Include="Source\util\util_serialisation.cpp">
      <Filter>Source Files</Filter>
    </ClCompile>
    <ClCompile Include="Source\arch\systems\sys_render_modules\sys_render_renderTarget.cpp">
      <Filter>Source Files</Filter>
    </ClCompile>
    <ClCompile Include="Source\arch\systems\sys_render_modules\sys_render_renderTargetManager.cpp">
      <Filter>Source Files</Filter>
    </ClCompile>
    <ClCompile Include="Source\arch\core\core_inputRouter.cpp">
      <Filter>Source Files</Filter>
    </ClCompile>
    <ClCompile Include="Source\arch\systems\sys_render_modules\sys_render_compositionNode.cpp">
      <Filter>Source Files</Filter>
    </ClCompile>
    <ClCompile Include="Source\arch\systems\sys_render_modules\sys_render_compositor.cpp">
      <Filter>Source Files</Filter>
    </ClCompile>
    <ClCompile Include="Source\res\res_mesh_presets\res_mesh_plane.cpp">
      <Filter>Source Files</Filter>
    </ClCompile>
    <ClCompile Include="Source\arch\ecs\ecs_entityFactory.cpp">
      <Filter>Source Files</Filter>
    </ClCompile>
    <ClCompile Include="Source\res\res_mesh_presets\res_mesh_sphere.cpp">
      <Filter>Source Files</Filter>
    </ClCompile>
    <ClCompile Include="Source\res\res_shader_generation\res_shader_generator.cpp">
      <Filter>Source Files</Filter>
    </ClCompile>
    <ClCompile Include="Source\res\res_mesh_vertexLayout.cpp">
      <Filter>Source Files</Filter>
    </ClCompile>
    <ClCompile Include="Source\arch\systems\sys_physics.cpp">
      <Filter>Source Files</Filter>
    </ClCompile>
    <ClCompile Include="Source\arch\systems\sys_render_modules\sys_render_shadowMap.cpp">
      <Filter>Source Files</Filter>
    </ClCompile>
    <ClCompile Include="Source\res\res_material_presets\res_material_phong.cpp">
      <Filter>Source Files</Filter>
    </ClCompile>
    <ClCompile Include="Source\res\res_shaderManager.cpp">
      <Filter>Source Files</Filter>
    </ClCompile>
    <ClCompile Include="Headers\arch\common\properties.h">
      <Filter>Source Files</Filter>
    </ClCompile>
    <ClCompile Include="Source\arch\systems\sys_render_modules\sys_render_renderPass.cpp">
      <Filter>Source Files</Filter>
    </ClCompile>
    <ClCompile Include="Headers\arch\resources\res_texture\res_texture3d.h">
      <Filter>Source Files</Filter>
    </ClCompile>
    <ClCompile Include="Headers\arch\resources\res_texture\res_cubemap.h">
      <Filter>Source Files</Filter>
    </ClCompile>
    <ClCompile Include="Headers\arch\resources\res_texture\res_texture2darray.h">
      <Filter>Source Files</Filter>
    </ClCompile>
    <ClCompile Include="Source\res\res_texture\res_texture2d.cpp">
      <Filter>Source Files</Filter>
    </ClCompile>
    <ClCompile Include="Source\res\res_texture\res_texture2darray.cpp">
      <Filter>Source Files</Filter>
    </ClCompile>
  </ItemGroup>
  <ItemGroup>
    <ClInclude Include="Headers\arch\common\component.h">
      <Filter>Header Files</Filter>
    </ClInclude>
    <ClInclude Include="Headers\arch\common\entity.h">
      <Filter>Header Files</Filter>
    </ClInclude>
    <ClInclude Include="Headers\arch\common\entityDEF.hpp">
      <Filter>Header Files</Filter>
    </ClInclude>
    <ClInclude Include="Headers\arch\common\entityid.h">
      <Filter>Header Files</Filter>
    </ClInclude>
    <ClInclude Include="Headers\arch\common\singleton.h">
      <Filter>Header Files</Filter>
    </ClInclude>
    <ClInclude Include="Headers\arch\datatypes\type_sparseSet_viewHandle.h">
      <Filter>Header Files</Filter>
    </ClInclude>
    <ClInclude Include="Headers\arch\common\system.h">
      <Filter>Header Files</Filter>
    </ClInclude>
    <ClInclude Include="Headers\arch\components\comp_camera.h">
      <Filter>Header Files</Filter>
    </ClInclude>
    <ClInclude Include="Headers\arch\components\comp_collider.h">
      <Filter>Header Files</Filter>
    </ClInclude>
    <ClInclude Include="Headers\arch\components\comp_headers.h">
      <Filter>Header Files</Filter>
    </ClInclude>
    <ClInclude Include="Headers\arch\components\comp_light.h">
      <Filter>Header Files</Filter>
    </ClInclude>
    <ClInclude Include="Headers\arch\components\comp_meshrenderer.h">
      <Filter>Header Files</Filter>
    </ClInclude>
    <ClInclude Include="Headers\arch\components\comp_rigidbody.h">
      <Filter>Header Files</Filter>
    </ClInclude>
    <ClInclude Include="Headers\arch\components\comp_transform.h">
      <Filter>Header Files</Filter>
    </ClInclude>
    <ClInclude Include="Headers\arch\components\componentList.h">
      <Filter>Header Files</Filter>
    </ClInclude>
    <ClInclude Include="Headers\arch\core\core_clock.h">
      <Filter>Header Files</Filter>
    </ClInclude>
    <ClInclude Include="Headers\arch\core\core_coordinatesystem.h">
      <Filter>Header Files</Filter>
    </ClInclude>
    <ClInclude Include="Headers\arch\core\core_input.h">
      <Filter>Header Files</Filter>
    </ClInclude>
    <ClInclude Include="Headers\arch\core\core_window.h">
      <Filter>Header Files</Filter>
    </ClInclude>
    <ClInclude Include="Headers\arch\datatypes\type_bidirectionalMap.h">
      <Filter>Header Files</Filter>
    </ClInclude>
    <ClInclude Include="Headers\arch\datatypes\type_sparseSetDEF.hpp">
      <Filter>Header Files</Filter>
    </ClInclude>
    <ClInclude Include="Headers\arch\ecs\ecs_fwdDecl_entityRegistry.h">
      <Filter>Header Files</Filter>
    </ClInclude>
    <ClInclude Include="Headers\arch\ecs\ecs_registry.h">
      <Filter>Header Files</Filter>
    </ClInclude>
    <ClInclude Include="Headers\arch\ecs\ecs_registryDEF.hpp">
      <Filter>Header Files</Filter>
    </ClInclude>
    <ClInclude Include="Headers\arch\resources\res_material_presets\res_material_flat.h">
      <Filter>Header Files</Filter>
    </ClInclude>
    <ClInclude Include="Headers\arch\resources\res_material_presets\res_material_lambert.h">
      <Filter>Header Files</Filter>
    </ClInclude>
    <ClInclude Include="Headers\arch\resources\res_material_uniform\res_material_uniform.h">
      <Filter>Header Files</Filter>
    </ClInclude>
    <ClInclude Include="Headers\arch\resources\res_material_uniform\res_material_uniformAliases.h">
      <Filter>Header Files</Filter>
    </ClInclude>
    <ClInclude Include="Headers\arch\resources\res_mesh_presets\res_mesh_cube.h">
      <Filter>Header Files</Filter>
    </ClInclude>
    <ClInclude Include="Headers\arch\resources\res_mesh_presets\res_mesh_plane.h">
      <Filter>Header Files</Filter>
    </ClInclude>
    <ClInclude Include="Headers\arch\resources\res_audiobank.h">
      <Filter>Header Files</Filter>
    </ClInclude>
    <ClInclude Include="Headers\arch\resources\res_material.h">
      <Filter>Header Files</Filter>
    </ClInclude>
    <ClInclude Include="Headers\arch\resources\res_mesh.h">
      <Filter>Header Files</Filter>
    </ClInclude>
    <ClInclude Include="Headers\arch\resources\res_prefab.h">
      <Filter>Header Files</Filter>
    </ClInclude>
    <ClInclude Include="Headers\arch\resources\res_resource.h">
      <Filter>Header Files</Filter>
    </ClInclude>
    <ClInclude Include="Headers\arch\resources\res_resourceManager.h">
      <Filter>Header Files</Filter>
    </ClInclude>
    <ClInclude Include="Headers\arch\resources\res_scene.h">
      <Filter>Header Files</Filter>
    </ClInclude>
    <ClInclude Include="Headers\arch\resources\res_shader.h">
      <Filter>Header Files</Filter>
    </ClInclude>
    <ClInclude Include="Headers\arch\resources\res_texture\res_texture.h">
      <Filter>Header Files</Filter>
    </ClInclude>
    <ClInclude Include="Headers\arch\systems\sys_render_modules\sys_render_uboManager.h">
      <Filter>Header Files</Filter>
    </ClInclude>
    <ClInclude Include="Headers\arch\systems\sys_render_modules\sys_render_vaoManager.h">
      <Filter>Header Files</Filter>
    </ClInclude>
    <ClInclude Include="Headers\arch\systems\sys_render_modules\sys_render_viewport.h">
      <Filter>Header Files</Filter>
    </ClInclude>
    <ClInclude Include="Headers\arch\systems\sys_render_modules\sys_render_viewportManager.h">
      <Filter>Header Files</Filter>
    </ClInclude>
    <ClInclude Include="Headers\arch\systems\sys_headers.h">
      <Filter>Header Files</Filter>
    </ClInclude>
    <ClInclude Include="Headers\arch\systems\sys_render.h">
      <Filter>Header Files</Filter>
    </ClInclude>
    <ClInclude Include="Headers\arch\systems\sys_transform.h">
      <Filter>Header Files</Filter>
    </ClInclude>
    <ClInclude Include="Headers\arch\arch_headers.h">
      <Filter>Header Files</Filter>
    </ClInclude>
    <ClInclude Include="Headers\arch\core.h">
      <Filter>Header Files</Filter>
    </ClInclude>
    <ClInclude Include="Headers\graphics\gfx_dependencies.h">
      <Filter>Header Files</Filter>
    </ClInclude>
    <ClInclude Include="Headers\graphics\gfx_glfwCustomCallbackFunctions.h">
      <Filter>Header Files</Filter>
    </ClInclude>
    <ClInclude Include="Headers\graphics\gfx_uniformNamingDefines.h">
      <Filter>Header Files</Filter>
    </ClInclude>
    <ClInclude Include="Headers\input\input_processInput.h">
      <Filter>Header Files</Filter>
    </ClInclude>
    <ClInclude Include="Headers\util\util_component_reference.h">
      <Filter>Header Files</Filter>
    </ClInclude>
    <ClInclude Include="Headers\util\util_convenient_conversions.h">
      <Filter>Header Files</Filter>
    </ClInclude>
    <ClInclude Include="Headers\util\util_graphics_debugging.h">
      <Filter>Header Files</Filter>
    </ClInclude>
    <ClInclude Include="Headers\util\util_logging.h">
      <Filter>Header Files</Filter>
    </ClInclude>
    <ClInclude Include="Headers\util\util_math.h">
      <Filter>Header Files</Filter>
    </ClInclude>
    <ClInclude Include="Headers\util\util_print.h">
      <Filter>Header Files</Filter>
    </ClInclude>
    <ClInclude Include="Headers\util\util_serialisation.h">
      <Filter>Header Files</Filter>
    </ClInclude>
    <ClInclude Include="Headers\pch.h">
      <Filter>Header Files</Filter>
    </ClInclude>
    <ClInclude Include="Headers\arch\systems\sys_render_modules\sys_render_renderTarget.h">
      <Filter>Header Files</Filter>
    </ClInclude>
    <ClInclude Include="Headers\arch\systems\sys_render_modules\sys_render_renderTargetManager.h">
      <Filter>Header Files</Filter>
    </ClInclude>
    <ClInclude Include="Headers\arch\systems\sys_render_modules\sys_render_renderLayer.h">
      <Filter>Header Files</Filter>
    </ClInclude>
    <ClInclude Include="Headers\arch\systems\sys_render_modules\sys_render_renderManager.h">
      <Filter>Header Files</Filter>
    </ClInclude>
    <ClInclude Include="Headers\arch\resources\res_resourceManagerDEF.hpp">
      <Filter>Header Files</Filter>
    </ClInclude>
    <ClInclude Include="Headers\arch\systems\sys_render_modules\sys_render_renderTargetAttachments.h">
      <Filter>Header Files</Filter>
    </ClInclude>
    <ClInclude Include="Headers\arch\datatypes\type_sparseSet.h">
      <Filter>Header Files</Filter>
    </ClInclude>
    <ClInclude Include="Headers\arch\core\core_inputRouter.h">
      <Filter>Header Files</Filter>
    </ClInclude>
    <ClInclude Include="Headers\arch\systems\sys_render_modules\sys_render_compositor.h">
      <Filter>Header Files</Filter>
    </ClInclude>
    <ClInclude Include="Headers\arch\systems\sys_render_modules\sys_render_compositionEffect.h">
      <Filter>Header Files</Filter>
    </ClInclude>
    <ClInclude Include="Headers\arch\systems\sys_render_modules\sys_render_compositionNode.h">
      <Filter>Header Files</Filter>
    </ClInclude>
    <ClInclude Include="Headers\arch\ecs\ecs_entityFactory.h">
      <Filter>Header Files</Filter>
    </ClInclude>
    <ClInclude Include="Headers\arch\resources\res_mesh_presets\res_mesh_sphere.h">
      <Filter>Header Files</Filter>
    </ClInclude>
    <ClInclude Include="Headers\arch\resources\res_mesh_presets\res_mesh_types.h">
      <Filter>Header Files</Filter>
    </ClInclude>
    <ClInclude Include="Headers\arch\resources\res_shader_generation\res_shader_generator.h">
      <Filter>Header Files</Filter>
    </ClInclude>
    <ClInclude Include="Headers\arch\resources\res_mesh_vertexLayout.h">
      <Filter>Header Files</Filter>
    </ClInclude>
    <ClInclude Include="Headers\arch\systems\sys_render_modules\sys_render_renderPass.h">
      <Filter>Header Files</Filter>
    </ClInclude>
    <ClInclude Include="Headers\arch\common\eventSystem.h">
      <Filter>Header Files</Filter>
    </ClInclude>
    <ClInclude Include="Headers\arch\systems\sys_physics.h">
      <Filter>Header Files</Filter>
    </ClInclude>
    <ClInclude Include="Source\arch\components\comp_rigidbody.cpp">
      <Filter>Header Files</Filter>
    </ClInclude>
    <ClInclude Include="Headers\arch\systems\sys_physics_modules\sys_physics_environmentValues.h">
      <Filter>Header Files</Filter>
    </ClInclude>
    <ClInclude Include="Headers\arch\systems\sys_render_modules\sys_render_shadowMap.h">
      <Filter>Header Files</Filter>
    </ClInclude>
    <ClInclude Include="Headers\arch\resources\res_material_presets\res_material_phong.h">
      <Filter>Header Files</Filter>
    </ClInclude>
    <ClInclude Include="Headers\arch\resources\res_shaderManager.h">
      <Filter>Header Files</Filter>
    </ClInclude>
    <ClInclude Include="Headers\arch\core\core_enginecontext.h">
      <Filter>Header Files</Filter>
    </ClInclude>
    <ClInclude Include="Headers\arch\common\inspectable.h">
      <Filter>Header Files</Filter>
    </ClInclude>
    <ClInclude Include="Headers\arch\resources\res_texture\res_texture2d.h">
      <Filter>Header Files</Filter>
    </ClInclude>
  </ItemGroup>
</Project>